<?xml version="1.0" encoding="utf-8"?>
<Project ToolsVersion="4.0" xmlns="http://schemas.microsoft.com/developer/msbuild/2003">
  <ItemGroup>
    <Filter Include="Source Files">
      <UniqueIdentifier>{4FC737F1-C7A5-4376-A066-2A32D752A2FF}</UniqueIdentifier>
      <Extensions>cpp;c;cc;cxx;def;odl;idl;hpj;bat;asm;asmx</Extensions>
    </Filter>
    <Filter Include="Source Files\ai">
      <UniqueIdentifier>{075eb51f-e34c-4d04-8a0d-44144f0595fd}</UniqueIdentifier>
    </Filter>
    <Filter Include="Source Files\ai\ml">
      <UniqueIdentifier>{38737ec1-c61f-455e-99d1-dde8b3c9b68a}</UniqueIdentifier>
    </Filter>
    <Filter Include="Source Files\ai\ml\clustering">
      <UniqueIdentifier>{a6b7801c-b625-4811-8b09-1d826a3bd2f0}</UniqueIdentifier>
    </Filter>
    <Filter Include="Source Files\math">
      <UniqueIdentifier>{74fef938-90a2-4b9a-87f2-c62f1495d3fe}</UniqueIdentifier>
    </Filter>
    <Filter Include="Source Files\net">
      <UniqueIdentifier>{01f33407-29ca-435e-93dc-5c95cb296190}</UniqueIdentifier>
    </Filter>
    <Filter Include="Source Files\utils">
      <UniqueIdentifier>{7908b31d-cd4a-4b10-9571-4638e24fdf73}</UniqueIdentifier>
    </Filter>
    <Filter Include="Header Files">
      <UniqueIdentifier>{93995380-89BD-4b04-88EB-625FBE52EBFB}</UniqueIdentifier>
      <Extensions>h;hpp;hxx;hm;inl;inc;xsd</Extensions>
    </Filter>
    <Filter Include="Header Files\ai">
      <UniqueIdentifier>{c82d241e-c02d-4b9f-9d0c-6045bdd92d5f}</UniqueIdentifier>
    </Filter>
    <Filter Include="Header Files\ai\ml">
      <UniqueIdentifier>{9bc42113-4e73-45b0-830a-adca4de140b8}</UniqueIdentifier>
    </Filter>
    <Filter Include="Header Files\ai\ml\clustering">
      <UniqueIdentifier>{ebae085e-891f-457b-8404-df036c7ca27d}</UniqueIdentifier>
    </Filter>
    <Filter Include="Header Files\math">
      <UniqueIdentifier>{ee9ab366-06d2-4576-8461-01c13e515e4c}</UniqueIdentifier>
    </Filter>
    <Filter Include="Header Files\net">
      <UniqueIdentifier>{ec07cc50-40b0-41af-8027-73aa7624cf19}</UniqueIdentifier>
    </Filter>
    <Filter Include="Header Files\utils">
      <UniqueIdentifier>{b1d90e8d-cae7-4bee-824d-d7a7c5f2f997}</UniqueIdentifier>
    </Filter>
  </ItemGroup>
  <ItemGroup>
    <ClCompile Include="..\..\src\ai\ml\clustering\FuzzyCmeans.cpp">
      <Filter>Source Files\ai\ml\clustering</Filter>
    </ClCompile>
    <ClCompile Include="..\..\src\ai\ml\clustering\Kmeans.cpp">
      <Filter>Source Files\ai\ml\clustering</Filter>
    </ClCompile>
    <ClCompile Include="..\..\src\ai\ml\clustering\Partition.cpp">
      <Filter>Source Files\ai\ml\clustering</Filter>
    </ClCompile>
    <ClCompile Include="..\..\src\math\Distance.cpp">
      <Filter>Source Files\math</Filter>
    </ClCompile>
    <ClCompile Include="..\..\src\math\EigenSolver.cpp">
      <Filter>Source Files\math</Filter>
    </ClCompile>
    <ClCompile Include="..\..\src\math\Matrix.cpp">
      <Filter>Source Files\math</Filter>
    </ClCompile>
    <ClCompile Include="..\..\src\math\Utils.cpp">
      <Filter>Source Files\math</Filter>
    </ClCompile>
    <ClCompile Include="..\..\src\math\Vector.cpp">
      <Filter>Source Files\math</Filter>
    </ClCompile>
    <ClCompile Include="..\..\src\net\DataBus.cpp">
      <Filter>Source Files\net</Filter>
    </ClCompile>
    <ClCompile Include="..\..\src\net\DataBusChannel.cpp">
      <Filter>Source Files\net</Filter>
    </ClCompile>
    <ClCompile Include="..\..\src\net\DataBusState.cpp">
      <Filter>Source Files\net</Filter>
    </ClCompile>
    <ClCompile Include="..\..\src\net\DataChainable.cpp">
      <Filter>Source Files\net</Filter>
    </ClCompile>
    <ClCompile Include="..\..\src\net\DataDescriptor.cpp">
      <Filter>Source Files\net</Filter>
    </ClCompile>
    <ClCompile Include="..\..\src\net\DataDispatchable.cpp">
      <Filter>Source Files\net</Filter>
    </ClCompile>
    <ClCompile Include="..\..\src\net\DataOrderingManager.cpp">
      <Filter>Source Files\net</Filter>
    </ClCompile>
    <ClCompile Include="..\..\src\net\Exception.cpp">
      <Filter>Source Files\net</Filter>
    </ClCompile>
    <ClCompile Include="..\..\src\net\Net.cpp">
      <Filter>Source Files\net</Filter>
    </ClCompile>
    <ClCompile Include="..\..\src\net\ProtocolDecoder.cpp">
      <Filter>Source Files\net</Filter>
    </ClCompile>
    <ClCompile Include="..\..\src\net\ProtocolEncoder.cpp">
      <Filter>Source Files\net</Filter>
    </ClCompile>
    <ClCompile Include="..\..\src\net\Socket.cpp">
      <Filter>Source Files\net</Filter>
    </ClCompile>
    <ClCompile Include="..\..\src\net\TimerTask.cpp">
      <Filter>Source Files\net</Filter>
    </ClCompile>
    <ClCompile Include="..\..\src\utils\BinarySearch.cpp">
      <Filter>Source Files\utils</Filter>
    </ClCompile>
    <ClCompile Include="..\..\src\utils\BubbleSort.cpp">
      <Filter>Source Files\utils</Filter>
    </ClCompile>
    <ClCompile Include="..\..\src\utils\Crypto.cpp">
      <Filter>Source Files\utils</Filter>
    </ClCompile>
    <ClCompile Include="..\..\src\utils\KDTreeSort.cpp">
      <Filter>Source Files\utils</Filter>
    </ClCompile>
    <ClCompile Include="..\..\src\utils\LinearSearch.cpp">
      <Filter>Source Files\utils</Filter>
    </ClCompile>
    <ClCompile Include="..\..\src\utils\List.cpp">
      <Filter>Source Files\utils</Filter>
    </ClCompile>
    <ClCompile Include="..\..\src\utils\Version.cpp">
      <Filter>Source Files\utils</Filter>
    </ClCompile>
  </ItemGroup>
  <ItemGroup>
    <ClInclude Include="..\..\src\ai\Types.h">
      <Filter>Header Files\ai</Filter>
    </ClInclude>
    <ClInclude Include="..\..\src\ai\ml\Configuration.h">
      <Filter>Header Files\ai\ml</Filter>
    </ClInclude>
    <ClInclude Include="..\..\src\ai\ml\clustering\FuzzyCmeans.h">
      <Filter>Header Files\ai\ml\clustering</Filter>
    </ClInclude>
    <ClInclude Include="..\..\src\ai\ml\clustering\Kmeans.h">
      <Filter>Header Files\ai\ml\clustering</Filter>
    </ClInclude>
    <ClInclude Include="..\..\src\ai\ml\clustering\Partition.h">
      <Filter>Header Files\ai\ml\clustering</Filter>
    </ClInclude>
    <ClInclude Include="..\..\src\math\Distance.h">
      <Filter>Header Files\math</Filter>
    </ClInclude>
    <ClInclude Include="..\..\src\math\EigenSolver.h">
      <Filter>Header Files\math</Filter>
    </ClInclude>
    <ClInclude Include="..\..\src\math\Matrix.h">
      <Filter>Header Files\math</Filter>
    </ClInclude>
    <ClInclude Include="..\..\src\math\Types.h">
      <Filter>Header Files\math</Filter>
    </ClInclude>
    <ClInclude Include="..\..\src\math\Utils.h">
      <Filter>Header Files\math</Filter>
    </ClInclude>
    <ClInclude Include="..\..\src\math\Vector.h">
      <Filter>Header Files\math</Filter>
    </ClInclude>
    <ClInclude Include="..\..\src\net\ChainFilter.h">
      <Filter>Header Files\net</Filter>
    </ClInclude>
    <ClInclude Include="..\..\src\net\DataBus.h">
      <Filter>Header Files\net</Filter>
    </ClInclude>
    <ClInclude Include="..\..\src\net\DataBusChannel.h">
      <Filter>Header Files\net</Filter>
    </ClInclude>
    <ClInclude Include="..\..\src\net\DataBusChannelImpl.h">
      <Filter>Header Files\net</Filter>
    </ClInclude>
    <ClInclude Include="..\..\src\net\DataBusState.h">
      <Filter>Header Files\net</Filter>
    </ClInclude>
    <ClInclude Include="..\..\src\net\DataChainable.h">
      <Filter>Header Files\net</Filter>
    </ClInclude>
    <ClInclude Include="..\..\src\net\DataDescriptor.h">
      <Filter>Header Files\net</Filter>
    </ClInclude>
    <ClInclude Include="..\..\src\net\DataDispatchable.h">
      <Filter>Header Files\net</Filter>
    </ClInclude>
    <ClInclude Include="..\..\src\net\DataHandler.h">
      <Filter>Header Files\net</Filter>
    </ClInclude>
    <ClInclude Include="..\..\src\net\DataOrderingManager.h">
      <Filter>Header Files\net</Filter>
    </ClInclude>
    <ClInclude Include="..\..\src\net\Exception.h">
      <Filter>Header Files\net</Filter>
    </ClInclude>
    <ClInclude Include="..\..\src\net\Net.h">
      <Filter>Header Files\net</Filter>
    </ClInclude>
    <ClInclude Include="..\..\src\net\ProtocolDecoder.h">
      <Filter>Header Files\net</Filter>
    </ClInclude>
    <ClInclude Include="..\..\src\net\ProtocolEncoder.h">
      <Filter>Header Files\net</Filter>
    </ClInclude>
    <ClInclude Include="..\..\src\net\Socket.h">
      <Filter>Header Files\net</Filter>
    </ClInclude>
    <ClInclude Include="..\..\src\net\TimerTask.h">
      <Filter>Header Files\net</Filter>
    </ClInclude>
    <ClInclude Include="..\..\src\utils\BinarySearch.h">
      <Filter>Header Files\utils</Filter>
    </ClInclude>
    <ClInclude Include="..\..\src\utils\BubbleSort.h">
      <Filter>Header Files\utils</Filter>
    </ClInclude>
    <ClInclude Include="..\..\src\utils\Crypto.h">
      <Filter>Header Files\utils</Filter>
    </ClInclude>
    <ClInclude Include="..\..\src\utils\KDTreeSort.h">
      <Filter>Header Files\utils</Filter>
    </ClInclude>
    <ClInclude Include="..\..\src\utils\LinearSearch.h">
      <Filter>Header Files\utils</Filter>
    </ClInclude>
    <ClInclude Include="..\..\src\utils\List.h">
      <Filter>Header Files\utils</Filter>
    </ClInclude>
    <ClInclude Include="..\..\src\utils\Searcher.h">
      <Filter>Header Files\utils</Filter>
    </ClInclude>
    <ClInclude Include="..\..\src\utils\Sorter.h">
      <Filter>Header Files\utils</Filter>
    </ClInclude>
    <ClInclude Include="..\..\src\utils\Types.h">
      <Filter>Header Files\utils</Filter>
    </ClInclude>
  </ItemGroup>
</Project>