<?xml version="1.0" encoding="utf-8"?>
<Project ToolsVersion="4.0" xmlns="http://schemas.microsoft.com/developer/msbuild/2003">
  <ItemGroup>
    <Filter Include="Source Files">
      <UniqueIdentifier>{4FC737F1-C7A5-4376-A066-2A32D752A2FF}</UniqueIdentifier>
      <Extensions>cpp;c;cc;cxx;def;odl;idl;hpj;bat;asm;asmx</Extensions>
    </Filter>
    <Filter Include="Source Files\ai">
      <UniqueIdentifier>{f88810c3-a71a-4f5b-9297-4ea7fcd9651e}</UniqueIdentifier>
    </Filter>
    <Filter Include="Source Files\ai\ml">
      <UniqueIdentifier>{5ec8c549-55e6-4748-a780-9782b44083b1}</UniqueIdentifier>
    </Filter>
    <Filter Include="Source Files\ai\ml\clustering">
      <UniqueIdentifier>{52ac5513-653a-4d24-85a1-16275a9d537a}</UniqueIdentifier>
    </Filter>
    <Filter Include="Source Files\math">
      <UniqueIdentifier>{f587b12a-894c-4170-bee5-fa1ab78ee69d}</UniqueIdentifier>
    </Filter>
    <Filter Include="Source Files\net">
      <UniqueIdentifier>{37de2432-75ce-4801-addb-69051e80e56a}</UniqueIdentifier>
    </Filter>
    <Filter Include="Source Files\utils">
      <UniqueIdentifier>{3678ba66-38b4-4aa3-9f66-3d67a5d82a14}</UniqueIdentifier>
    </Filter>
    <Filter Include="Header Files">
      <UniqueIdentifier>{93995380-89BD-4b04-88EB-625FBE52EBFB}</UniqueIdentifier>
      <Extensions>h;hpp;hxx;hm;inl;inc;xsd</Extensions>
    </Filter>
    <Filter Include="Header Files\ai">
      <UniqueIdentifier>{9b549426-c231-450e-8e98-e257c9bf4230}</UniqueIdentifier>
    </Filter>
    <Filter Include="Header Files\ai\ml">
      <UniqueIdentifier>{648e77df-08ba-4520-a1b3-981f708e945a}</UniqueIdentifier>
    </Filter>
    <Filter Include="Header Files\ai\ml\clustering">
      <UniqueIdentifier>{fd2988a5-914b-454f-9032-e28703a7deef}</UniqueIdentifier>
    </Filter>
    <Filter Include="Header Files\math">
      <UniqueIdentifier>{a232eb19-6dcc-458d-a5f0-7a843d1853c8}</UniqueIdentifier>
    </Filter>
    <Filter Include="Header Files\net">
      <UniqueIdentifier>{174c292a-62c1-4795-8cff-3c924840b4a7}</UniqueIdentifier>
    </Filter>
    <Filter Include="Header Files\utils">
      <UniqueIdentifier>{28e6f9c8-1262-4d71-a86f-7bb6f6ce4aa0}</UniqueIdentifier>
    </Filter>
  </ItemGroup>
  <ItemGroup>
    <ClCompile Include="..\..\src\ai\ml\clustering\FuzzyCmeans.cpp">
      <Filter>Source Files\ai\ml\clustering</Filter>
    </ClCompile>
    <ClCompile Include="..\..\src\ai\ml\clustering\Kmeans.cpp">
      <Filter>Source Files\ai\ml\clustering</Filter>
    </ClCompile>
    <ClCompile Include="..\..\src\ai\ml\clustering\Partition.cpp">
      <Filter>Source Files\ai\ml\clustering</Filter>
    </ClCompile>
    <ClCompile Include="..\..\src\math\Distance.cpp">
      <Filter>Source Files\math</Filter>
    </ClCompile>
    <ClCompile Include="..\..\src\math\EigenSolver.cpp">
      <Filter>Source Files\math</Filter>
    </ClCompile>
    <ClCompile Include="..\..\src\math\Matrix.cpp">
      <Filter>Source Files\math</Filter>
    </ClCompile>
    <ClCompile Include="..\..\src\math\Utils.cpp">
      <Filter>Source Files\math</Filter>
    </ClCompile>
    <ClCompile Include="..\..\src\math\Vector.cpp">
      <Filter>Source Files\math</Filter>
    </ClCompile>
    <ClCompile Include="..\..\src\net\DataBus.cpp">
      <Filter>Source Files\net</Filter>
    </ClCompile>
    <ClCompile Include="..\..\src\net\DataBusChannel.cpp">
      <Filter>Source Files\net</Filter>
    </ClCompile>
    <ClCompile Include="..\..\src\net\DataBusState.cpp">
      <Filter>Source Files\net</Filter>
    </ClCompile>
    <ClCompile Include="..\..\src\net\DataChainable.cpp">
      <Filter>Source Files\net</Filter>
    </ClCompile>
    <ClCompile Include="..\..\src\net\DataDescriptor.cpp">
      <Filter>Source Files\net</Filter>
    </ClCompile>
    <ClCompile Include="..\..\src\net\DataDispatchable.cpp">
      <Filter>Source Files\net</Filter>
    </ClCompile>
    <ClCompile Include="..\..\src\net\DataOrderingManager.cpp">
      <Filter>Source Files\net</Filter>
    </ClCompile>
    <ClCompile Include="..\..\src\net\Exception.cpp">
      <Filter>Source Files\net</Filter>
    </ClCompile>
    <ClCompile Include="..\..\src\net\Net.cpp">
      <Filter>Source Files\net</Filter>
    </ClCompile>
    <ClCompile Include="..\..\src\net\ProtocolDecoder.cpp">
      <Filter>Source Files\net</Filter>
    </ClCompile>
    <ClCompile Include="..\..\src\net\ProtocolEncoder.cpp">
      <Filter>Source Files\net</Filter>
    </ClCompile>
    <ClCompile Include="..\..\src\net\Socket.cpp">
      <Filter>Source Files\net</Filter>
    </ClCompile>
    <ClCompile Include="..\..\src\net\TimerTask.cpp">
      <Filter>Source Files\net</Filter>
    </ClCompile>
    <ClCompile Include="..\..\src\utils\BinarySearch.cpp">
      <Filter>Source Files\utils</Filter>
    </ClCompile>
    <ClCompile Include="..\..\src\utils\BubbleSort.cpp">
      <Filter>Source Files\utils</Filter>
    </ClCompile>
    <ClCompile Include="..\..\src\utils\Crypto.cpp">
      <Filter>Source Files\utils</Filter>
    </ClCompile>
    <ClCompile Include="..\..\src\utils\XmlReader.cpp">
      <Filter>Source Files\utils</Filter>
    </ClCompile>
    <ClCompile Include="..\..\src\utils\KDTreeSort.cpp">
      <Filter>Source Files\utils</Filter>
    </ClCompile>
    <ClCompile Include="..\..\src\utils\LinearSearch.cpp">
      <Filter>Source Files\utils</Filter>
    </ClCompile>
    <ClCompile Include="..\..\src\utils\List.cpp">
      <Filter>Source Files\utils</Filter>
    </ClCompile>
    <ClCompile Include="..\..\src\utils\Version.cpp">
      <Filter>Source Files\utils</Filter>
    </ClCompile>
  </ItemGroup>
  <ItemGroup>
    <ClInclude Include="..\..\src\ai\Types.h">
      <Filter>Header Files\ai</Filter>
    </ClInclude>
    <ClInclude Include="..\..\src\ai\ml\Configuration.h">
      <Filter>Header Files\ai\ml</Filter>
    </ClInclude>
    <ClInclude Include="..\..\src\ai\ml\clustering\FuzzyCmeans.h">
      <Filter>Header Files\ai\ml\clustering</Filter>
    </ClInclude>
    <ClInclude Include="..\..\src\ai\ml\clustering\Kmeans.h">
      <Filter>Header Files\ai\ml\clustering</Filter>
    </ClInclude>
    <ClInclude Include="..\..\src\ai\ml\clustering\Partition.h">
      <Filter>Header Files\ai\ml\clustering</Filter>
    </ClInclude>
    <ClInclude Include="..\..\src\math\Distance.h">
      <Filter>Header Files\math</Filter>
    </ClInclude>
    <ClInclude Include="..\..\src\math\EigenSolver.h">
      <Filter>Header Files\math</Filter>
    </ClInclude>
    <ClInclude Include="..\..\src\math\Matrix.h">
      <Filter>Header Files\math</Filter>
    </ClInclude>
    <ClInclude Include="..\..\src\math\Types.h">
      <Filter>Header Files\math</Filter>
    </ClInclude>
    <ClInclude Include="..\..\src\math\Utils.h">
      <Filter>Header Files\math</Filter>
    </ClInclude>
    <ClInclude Include="..\..\src\math\Vector.h">
      <Filter>Header Files\math</Filter>
    </ClInclude>
    <ClInclude Include="..\..\src\net\ChainFilter.h">
      <Filter>Header Files\net</Filter>
    </ClInclude>
    <ClInclude Include="..\..\src\net\DataBus.h">
      <Filter>Header Files\net</Filter>
    </ClInclude>
    <ClInclude Include="..\..\src\net\DataBusChannel.h">
      <Filter>Header Files\net</Filter>
    </ClInclude>
    <ClInclude Include="..\..\src\net\DataBusChannelImpl.h">
      <Filter>Header Files\net</Filter>
    </ClInclude>
    <ClInclude Include="..\..\src\net\DataBusState.h">
      <Filter>Header Files\net</Filter>
    </ClInclude>
    <ClInclude Include="..\..\src\net\DataChainable.h">
      <Filter>Header Files\net</Filter>
    </ClInclude>
    <ClInclude Include="..\..\src\net\DataDescriptor.h">
      <Filter>Header Files\net</Filter>
    </ClInclude>
    <ClInclude Include="..\..\src\net\DataDispatchable.h">
      <Filter>Header Files\net</Filter>
    </ClInclude>
    <ClInclude Include="..\..\src\net\DataHandler.h">
      <Filter>Header Files\net</Filter>
    </ClInclude>
    <ClInclude Include="..\..\src\net\DataOrderingManager.h">
      <Filter>Header Files\net</Filter>
    </ClInclude>
    <ClInclude Include="..\..\src\net\Exception.h">
      <Filter>Header Files\net</Filter>
    </ClInclude>
    <ClInclude Include="..\..\src\net\Net.h">
      <Filter>Header Files\net</Filter>
    </ClInclude>
    <ClInclude Include="..\..\src\net\ProtocolDecoder.h">
      <Filter>Header Files\net</Filter>
    </ClInclude>
    <ClInclude Include="..\..\src\net\ProtocolEncoder.h">
      <Filter>Header Files\net</Filter>
    </ClInclude>
    <ClInclude Include="..\..\src\net\Socket.h">
      <Filter>Header Files\net</Filter>
    </ClInclude>
    <ClInclude Include="..\..\src\net\TimerTask.h">
      <Filter>Header Files\net</Filter>
    </ClInclude>
    <ClInclude Include="..\..\src\utils\BinarySearch.h">
      <Filter>Header Files\utils</Filter>
    </ClInclude>
    <ClInclude Include="..\..\src\utils\BubbleSort.h">
      <Filter>Header Files\utils</Filter>
    </ClInclude>
    <ClInclude Include="..\..\src\utils\Crypto.h">
      <Filter>Header Files\utils</Filter>
    </ClInclude>
    <ClInclude Include="..\..\src\utils\XmlReader.h">
      <Filter>Header Files\utils</Filter>
    </ClInclude>
    <ClInclude Include="..\..\src\utils\KDTreeSort.h">
      <Filter>Header Files\utils</Filter>
    </ClInclude>
    <ClInclude Include="..\..\src\utils\LinearSearch.h">
      <Filter>Header Files\utils</Filter>
    </ClInclude>
    <ClInclude Include="..\..\src\utils\List.h">
      <Filter>Header Files\utils</Filter>
    </ClInclude>
    <ClInclude Include="..\..\src\utils\Searcher.h">
      <Filter>Header Files\utils</Filter>
    </ClInclude>
    <ClInclude Include="..\..\src\utils\Sorter.h">
      <Filter>Header Files\utils</Filter>
    </ClInclude>
    <ClInclude Include="..\..\src\utils\Types.h">
      <Filter>Header Files\utils</Filter>
    </ClInclude>
  </ItemGroup>
</Project>
